
Microsoft Visual Studio Solution File, Format Version 12.00
# Visual Studio Version 17
VisualStudioVersion = 17.0.32112.339
MinimumVisualStudioVersion = 10.0.40219.1
Project("{8BC9CEB8-8B4A-11D0-8D11-00A0C91BC942}") = "VECTOR", "VECTOR\VECTOR.vcxproj", "{58D8B4DD-5966-45D2-B509-19E1D5706E69}"
EndProject
Project("{8BC9CEB8-8B4A-11D0-8D11-00A0C91BC942}") = "AUTO", "AUTO\AUTO.vcxproj", "{911B805E-E22F-498E-9F29-340014C40FC8}"
EndProject
Project("{8BC9CEB8-8B4A-11D0-8D11-00A0C91BC942}") = "LIST", "LIST\LIST.vcxproj", "{74F10A86-23EF-4AD5-932F-BF028DBA8CEB}"
EndProject
Project("{8BC9CEB8-8B4A-11D0-8D11-00A0C91BC942}") = "For-Each", "For-Each\For-Each.vcxproj", "{23D7DC20-35AB-4596-88EB-A92B06AA6811}"
EndProject
Project("{8BC9CEB8-8B4A-11D0-8D11-00A0C91BC942}") = "Forward_List", "Forward_List\Forward_List.vcxproj", "{8F094BB7-FDBE-4B17-875F-6BF3858D1195}"
EndProject
Project("{8BC9CEB8-8B4A-11D0-8D11-00A0C91BC942}") = "Arrays", "Arrays\Arrays.vcxproj", "{F532EE89-2840-447D-948A-BF332EB6B40F}"
EndProject
Project("{8BC9CEB8-8B4A-11D0-8D11-00A0C91BC942}") = "Deque", "Deque\Deque.vcxproj", "{7B119D24-1780-48E9-8B2B-25F134A891FD}"
EndProject
Global
	GlobalSection(SolutionConfigurationPlatforms) = preSolution
		Debug|x64 = Debug|x64
		Debug|x86 = Debug|x86
		Release|x64 = Release|x64
		Release|x86 = Release|x86
	EndGlobalSection
	GlobalSection(ProjectConfigurationPlatforms) = postSolution
		{58D8B4DD-5966-45D2-B509-19E1D5706E69}.Debug|x64.ActiveCfg = Debug|x64
		{58D8B4DD-5966-45D2-B509-19E1D5706E69}.Debug|x64.Build.0 = Debug|x64
		{58D8B4DD-5966-45D2-B509-19E1D5706E69}.Debug|x86.ActiveCfg = Debug|Win32
		{58D8B4DD-5966-45D2-B509-19E1D5706E69}.Debug|x86.Build.0 = Debug|Win32
		{58D8B4DD-5966-45D2-B509-19E1D5706E69}.Release|x64.ActiveCfg = Release|x64
		{58D8B4DD-5966-45D2-B509-19E1D5706E69}.Release|x64.Build.0 = Release|x64
		{58D8B4DD-5966-45D2-B509-19E1D5706E69}.Release|x86.ActiveCfg = Release|Win32
		{58D8B4DD-5966-45D2-B509-19E1D5706E69}.Release|x86.Build.0 = Release|Win32
		{911B805E-E22F-498E-9F29-340014C40FC8}.Debug|x64.ActiveCfg = Debug|x64
		{911B805E-E22F-498E-9F29-340014C40FC8}.Debug|x64.Build.0 = Debug|x64
		{911B805E-E22F-498E-9F29-340014C40FC8}.Debug|x86.ActiveCfg = Debug|Win32
		{911B805E-E22F-498E-9F29-340014C40FC8}.Debug|x86.Build.0 = Debug|Win32
		{911B805E-E22F-498E-9F29-340014C40FC8}.Release|x64.ActiveCfg = Release|x64
		{911B805E-E22F-498E-9F29-340014C40FC8}.Release|x64.Build.0 = Release|x64
		{911B805E-E22F-498E-9F29-340014C40FC8}.Release|x86.ActiveCfg = Release|Win32
		{911B805E-E22F-498E-9F29-340014C40FC8}.Release|x86.Build.0 = Release|Win32
		{74F10A86-23EF-4AD5-932F-BF028DBA8CEB}.Debug|x64.ActiveCfg = Debug|x64
		{74F10A86-23EF-4AD5-932F-BF028DBA8CEB}.Debug|x64.Build.0 = Debug|x64
		{74F10A86-23EF-4AD5-932F-BF028DBA8CEB}.Debug|x86.ActiveCfg = Debug|Win32
		{74F10A86-23EF-4AD5-932F-BF028DBA8CEB}.Debug|x86.Build.0 = Debug|Win32
		{74F10A86-23EF-4AD5-932F-BF028DBA8CEB}.Release|x64.ActiveCfg = Release|x64
		{74F10A86-23EF-4AD5-932F-BF028DBA8CEB}.Release|x64.Build.0 = Release|x64
		{74F10A86-23EF-4AD5-932F-BF028DBA8CEB}.Release|x86.ActiveCfg = Release|Win32
		{74F10A86-23EF-4AD5-932F-BF028DBA8CEB}.Release|x86.Build.0 = Release|Win32
		{23D7DC20-35AB-4596-88EB-A92B06AA6811}.Debug|x64.ActiveCfg = Debug|x64
		{23D7DC20-35AB-4596-88EB-A92B06AA6811}.Debug|x64.Build.0 = Debug|x64
		{23D7DC20-35AB-4596-88EB-A92B06AA6811}.Debug|x86.ActiveCfg = Debug|Win32
		{23D7DC20-35AB-4596-88EB-A92B06AA6811}.Debug|x86.Build.0 = Debug|Win32
		{23D7DC20-35AB-4596-88EB-A92B06AA6811}.Release|x64.ActiveCfg = Release|x64
		{23D7DC20-35AB-4596-88EB-A92B06AA6811}.Release|x64.Build.0 = Release|x64
		{23D7DC20-35AB-4596-88EB-A92B06AA6811}.Release|x86.ActiveCfg = Release|Win32
		{23D7DC20-35AB-4596-88EB-A92B06AA6811}.Release|x86.Build.0 = Release|Win32
		{8F094BB7-FDBE-4B17-875F-6BF3858D1195}.Debug|x64.ActiveCfg = Debug|x64
		{8F094BB7-FDBE-4B17-875F-6BF3858D1195}.Debug|x64.Build.0 = Debug|x64
		{8F094BB7-FDBE-4B17-875F-6BF3858D1195}.Debug|x86.ActiveCfg = Debug|Win32
		{8F094BB7-FDBE-4B17-875F-6BF3858D1195}.Debug|x86.Build.0 = Debug|Win32
		{8F094BB7-FDBE-4B17-875F-6BF3858D1195}.Release|x64.ActiveCfg = Release|x64
		{8F094BB7-FDBE-4B17-875F-6BF3858D1195}.Release|x64.Build.0 = Release|x64
		{8F094BB7-FDBE-4B17-875F-6BF3858D1195}.Release|x86.ActiveCfg = Release|Win32
		{8F094BB7-FDBE-4B17-875F-6BF3858D1195}.Release|x86.Build.0 = Release|Win32
		{F532EE89-2840-447D-948A-BF332EB6B40F}.Debug|x64.ActiveCfg = Debug|x64
		{F532EE89-2840-447D-948A-BF332EB6B40F}.Debug|x64.Build.0 = Debug|x64
		{F532EE89-2840-447D-948A-BF332EB6B40F}.Debug|x86.ActiveCfg = Debug|Win32
		{F532EE89-2840-447D-948A-BF332EB6B40F}.Debug|x86.Build.0 = Debug|Win32
		{F532EE89-2840-447D-948A-BF332EB6B40F}.Release|x64.ActiveCfg = Release|x64
		{F532EE89-2840-447D-948A-BF332EB6B40F}.Release|x64.Build.0 = Release|x64
		{F532EE89-2840-447D-948A-BF332EB6B40F}.Release|x86.ActiveCfg = Release|Win32
		{F532EE89-2840-447D-948A-BF332EB6B40F}.Release|x86.Build.0 = Release|Win32
		{7B119D24-1780-48E9-8B2B-25F134A891FD}.Debug|x64.ActiveCfg = Debug|x64
		{7B119D24-1780-48E9-8B2B-25F134A891FD}.Debug|x64.Build.0 = Debug|x64
		{7B119D24-1780-48E9-8B2B-25F134A891FD}.Debug|x86.ActiveCfg = Debug|Win32
		{7B119D24-1780-48E9-8B2B-25F134A891FD}.Debug|x86.Build.0 = Debug|Win32
		{7B119D24-1780-48E9-8B2B-25F134A891FD}.Release|x64.ActiveCfg = Release|x64
		{7B119D24-1780-48E9-8B2B-25F134A891FD}.Release|x64.Build.0 = Release|x64
		{7B119D24-1780-48E9-8B2B-25F134A891FD}.Release|x86.ActiveCfg = Release|Win32
		{7B119D24-1780-48E9-8B2B-25F134A891FD}.Release|x86.Build.0 = Release|Win32
	EndGlobalSection
	GlobalSection(SolutionProperties) = preSolution
		HideSolutionNode = FALSE
	EndGlobalSection
	GlobalSection(ExtensibilityGlobals) = postSolution
		SolutionGuid = {1F793721-4097-46E1-9ABE-F23F380FD58E}
	EndGlobalSection
EndGlobal
